{
  "name": "dynamodbattribute",
  "version": "0.3.0",
  "lockfileVersion": 1,
  "requires": true,
  "dependencies": {
    "@aws-crypto/ie11-detection": {
      "version": "1.0.0-alpha.0",
      "resolved": "https://registry.npmjs.org/@aws-crypto/ie11-detection/-/ie11-detection-1.0.0-alpha.0.tgz",
      "integrity": "sha512-TQ55S96+aD/iZF/VdgbLqCm2um8mQhjNrlFqQEJkXc12L4taF0wz0FfdFSJ9Uuy6EIf4GjgvbLExgJwxmFqL5A==",
      "dev": true,
      "requires": {
        "tslib": "^1.9.3"
      },
      "dependencies": {
        "tslib": {
          "version": "1.13.0",
          "resolved": "https://registry.npmjs.org/tslib/-/tslib-1.13.0.tgz",
          "integrity": "sha512-i/6DQjL8Xf3be4K/E6Wgpekn5Qasl1usyw++dAA35Ue5orEn65VIxOA+YvNNl9HV3qv70T7CNwjODHZrLwvd1Q==",
          "dev": true
        }
      }
    },
    "@aws-crypto/sha256-browser": {
      "version": "1.0.0-alpha.0",
      "resolved": "https://registry.npmjs.org/@aws-crypto/sha256-browser/-/sha256-browser-1.0.0-alpha.0.tgz",
      "integrity": "sha512-ZhULGaJKI/o8KROknqvnmYX3gphPQL5HLoMdVD5yPEsEsFG7rEIu4ORv2s6uaiqkdEkXZcdS+CNC8ekIndr9QA==",
      "dev": true,
      "requires": {
        "@aws-crypto/ie11-detection": "^1.0.0-alpha.0",
        "@aws-crypto/sha256-js": "^1.0.0-alpha.0",
        "@aws-crypto/supports-web-crypto": "^1.0.0-alpha.0",
        "@aws-sdk/types": "^1.0.0-alpha.0",
        "@aws-sdk/util-locate-window": "^1.0.0-alpha.0",
        "@aws-sdk/util-utf8-browser": "^1.0.0-alpha.0",
        "tslib": "^1.9.3"
      },
      "dependencies": {
        "tslib": {
          "version": "1.13.0",
          "resolved": "https://registry.npmjs.org/tslib/-/tslib-1.13.0.tgz",
          "integrity": "sha512-i/6DQjL8Xf3be4K/E6Wgpekn5Qasl1usyw++dAA35Ue5orEn65VIxOA+YvNNl9HV3qv70T7CNwjODHZrLwvd1Q==",
          "dev": true
        }
      }
    },
    "@aws-crypto/sha256-js": {
      "version": "1.0.0-alpha.0",
      "resolved": "https://registry.npmjs.org/@aws-crypto/sha256-js/-/sha256-js-1.0.0-alpha.0.tgz",
      "integrity": "sha512-GidX2lccEtHZw8mXDKJQj6tea7qh3pAnsNSp1eZNxsN4MMu2OvSraPSqiB1EihsQkZBMg0IiZPpZHoACUX/QMQ==",
      "dev": true,
      "requires": {
        "@aws-sdk/types": "^1.0.0-alpha.0",
        "@aws-sdk/util-utf8-browser": "^1.0.0-alpha.0",
        "tslib": "^1.9.3"
      },
      "dependencies": {
        "tslib": {
          "version": "1.13.0",
          "resolved": "https://registry.npmjs.org/tslib/-/tslib-1.13.0.tgz",
          "integrity": "sha512-i/6DQjL8Xf3be4K/E6Wgpekn5Qasl1usyw++dAA35Ue5orEn65VIxOA+YvNNl9HV3qv70T7CNwjODHZrLwvd1Q==",
          "dev": true
        }
      }
    },
    "@aws-crypto/supports-web-crypto": {
      "version": "1.0.0-alpha.0",
      "resolved": "https://registry.npmjs.org/@aws-crypto/supports-web-crypto/-/supports-web-crypto-1.0.0-alpha.0.tgz",
      "integrity": "sha512-jVWjNCoEKY49NIWyU1ia1RvtupEZEzOTkYZ1kRH+Z0RqIg9DZksQ7PbSRvxtAv8rTBdyGSgQdEpbFtQtm/ZiRQ==",
      "dev": true,
      "requires": {
        "tslib": "^1.9.3"
      },
      "dependencies": {
        "tslib": {
          "version": "1.13.0",
          "resolved": "https://registry.npmjs.org/tslib/-/tslib-1.13.0.tgz",
          "integrity": "sha512-i/6DQjL8Xf3be4K/E6Wgpekn5Qasl1usyw++dAA35Ue5orEn65VIxOA+YvNNl9HV3qv70T7CNwjODHZrLwvd1Q==",
          "dev": true
        }
      }
    },
    "@aws-sdk/abort-controller": {
      "version": "1.0.0-gamma.5",
      "resolved": "https://registry.npmjs.org/@aws-sdk/abort-controller/-/abort-controller-1.0.0-gamma.5.tgz",
      "integrity": "sha512-vGaQ8rOqOEKy/nx1qa5MuttaSZn9RiRtp6Aw8GJ6h6TuLOvKLm41joAArDbHklLLwpyFpfDgY6c7+C2txJWPJw==",
      "dev": true,
      "requires": {
        "@aws-sdk/types": "1.0.0-gamma.4",
        "tslib": "^1.8.0"
      },
      "dependencies": {
        "tslib": {
          "version": "1.13.0",
          "resolved": "https://registry.npmjs.org/tslib/-/tslib-1.13.0.tgz",
          "integrity": "sha512-i/6DQjL8Xf3be4K/E6Wgpekn5Qasl1usyw++dAA35Ue5orEn65VIxOA+YvNNl9HV3qv70T7CNwjODHZrLwvd1Q==",
          "dev": true
        }
      }
    },
    "@aws-sdk/client-dynamodb": {
      "version": "1.0.0-gamma.6",
      "resolved": "https://registry.npmjs.org/@aws-sdk/client-dynamodb/-/client-dynamodb-1.0.0-gamma.6.tgz",
      "integrity": "sha512-voGxTZEee7dScnhPyorymlKvjHxJf7Q97gt7f35ZhWroa5SX79jCv1cVj/Ffz14j5D3jrzjpkl14Ois36e51Xg==",
      "dev": true,
      "requires": {
        "@aws-crypto/sha256-browser": "^1.0.0-alpha.0",
        "@aws-crypto/sha256-js": "^1.0.0-alpha.0",
        "@aws-sdk/config-resolver": "1.0.0-gamma.5",
        "@aws-sdk/credential-provider-node": "1.0.0-gamma.5",
        "@aws-sdk/fetch-http-handler": "1.0.0-gamma.6",
        "@aws-sdk/hash-node": "1.0.0-gamma.5",
        "@aws-sdk/invalid-dependency": "1.0.0-gamma.4",
        "@aws-sdk/middleware-content-length": "1.0.0-gamma.5",
        "@aws-sdk/middleware-host-header": "1.0.0-gamma.5",
        "@aws-sdk/middleware-retry": "1.0.0-gamma.5",
        "@aws-sdk/middleware-serde": "1.0.0-gamma.4",
        "@aws-sdk/middleware-signing": "1.0.0-gamma.5",
        "@aws-sdk/middleware-stack": "1.0.0-gamma.5",
        "@aws-sdk/middleware-user-agent": "1.0.0-gamma.5",
        "@aws-sdk/node-http-handler": "1.0.0-gamma.5",
        "@aws-sdk/protocol-http": "1.0.0-gamma.5",
        "@aws-sdk/region-provider": "1.0.0-gamma.5",
        "@aws-sdk/retry-config-provider": "1.0.0-gamma.4",
        "@aws-sdk/smithy-client": "1.0.0-gamma.5",
        "@aws-sdk/types": "1.0.0-gamma.4",
        "@aws-sdk/url-parser-browser": "1.0.0-gamma.5",
        "@aws-sdk/url-parser-node": "1.0.0-gamma.5",
        "@aws-sdk/util-base64-browser": "1.0.0-gamma.5",
        "@aws-sdk/util-base64-node": "1.0.0-gamma.5",
        "@aws-sdk/util-body-length-browser": "1.0.0-gamma.5",
        "@aws-sdk/util-body-length-node": "1.0.0-gamma.5",
        "@aws-sdk/util-user-agent-browser": "1.0.0-gamma.5",
        "@aws-sdk/util-user-agent-node": "1.0.0-gamma.5",
        "@aws-sdk/util-utf8-browser": "1.0.0-gamma.5",
        "@aws-sdk/util-utf8-node": "1.0.0-gamma.5",
        "tslib": "^2.0.0",
        "uuid": "^3.0.0"
      }
    },
    "@aws-sdk/config-resolver": {
      "version": "1.0.0-gamma.5",
      "resolved": "https://registry.npmjs.org/@aws-sdk/config-resolver/-/config-resolver-1.0.0-gamma.5.tgz",
      "integrity": "sha512-bmBSc3S5HvhUfzfOMojqQILH3zMGyqp1we+nbBQbbxfRg4AxW2w6R72S1qmyFqw3cjJ62CxTwn1kGzdEHSoq8Q==",
      "dev": true,
      "requires": {
        "@aws-sdk/signature-v4": "1.0.0-gamma.5",
        "@aws-sdk/types": "1.0.0-gamma.4",
        "tslib": "^1.8.0"
      },
      "dependencies": {
        "tslib": {
          "version": "1.13.0",
          "resolved": "https://registry.npmjs.org/tslib/-/tslib-1.13.0.tgz",
          "integrity": "sha512-i/6DQjL8Xf3be4K/E6Wgpekn5Qasl1usyw++dAA35Ue5orEn65VIxOA+YvNNl9HV3qv70T7CNwjODHZrLwvd1Q==",
          "dev": true
        }
      }
    },
    "@aws-sdk/credential-provider-env": {
      "version": "1.0.0-gamma.5",
      "resolved": "https://registry.npmjs.org/@aws-sdk/credential-provider-env/-/credential-provider-env-1.0.0-gamma.5.tgz",
      "integrity": "sha512-cfnCtjEoG4nzSC4nAYXmuoxHCemSrSGzGyt/E/ZEEUrzQzjllfXZ5vJ0jPEjB+wGZVifvWD7Ai/utUqLfzEHHg==",
      "dev": true,
      "requires": {
        "@aws-sdk/property-provider": "1.0.0-gamma.5",
        "@aws-sdk/types": "1.0.0-gamma.4",
        "tslib": "^1.8.0"
      },
      "dependencies": {
        "tslib": {
          "version": "1.13.0",
          "resolved": "https://registry.npmjs.org/tslib/-/tslib-1.13.0.tgz",
          "integrity": "sha512-i/6DQjL8Xf3be4K/E6Wgpekn5Qasl1usyw++dAA35Ue5orEn65VIxOA+YvNNl9HV3qv70T7CNwjODHZrLwvd1Q==",
          "dev": true
        }
      }
    },
    "@aws-sdk/credential-provider-imds": {
      "version": "1.0.0-gamma.5",
      "resolved": "https://registry.npmjs.org/@aws-sdk/credential-provider-imds/-/credential-provider-imds-1.0.0-gamma.5.tgz",
      "integrity": "sha512-0AA6XtdQhAXiHGJIDrQG81UOdp4aqJ5qGtNgeCS3lWPHLTHnFKUfT2+rxnQxhKzSyxG+35KzLr628MXnYf4iUg==",
      "dev": true,
      "requires": {
        "@aws-sdk/property-provider": "1.0.0-gamma.5",
        "@aws-sdk/types": "1.0.0-gamma.4",
        "tslib": "^1.8.0"
      },
      "dependencies": {
        "tslib": {
          "version": "1.13.0",
          "resolved": "https://registry.npmjs.org/tslib/-/tslib-1.13.0.tgz",
          "integrity": "sha512-i/6DQjL8Xf3be4K/E6Wgpekn5Qasl1usyw++dAA35Ue5orEn65VIxOA+YvNNl9HV3qv70T7CNwjODHZrLwvd1Q==",
          "dev": true
        }
      }
    },
    "@aws-sdk/credential-provider-ini": {
      "version": "1.0.0-gamma.5",
      "resolved": "https://registry.npmjs.org/@aws-sdk/credential-provider-ini/-/credential-provider-ini-1.0.0-gamma.5.tgz",
      "integrity": "sha512-XsjQYi1cZUc3BZa5/+fcEKQAWfvflQgNVFZL0v8f3eJQ/Q8cH+4TCRE3KswNZuZf+ScK7TstOO2gNC9+uHna1g==",
      "dev": true,
      "requires": {
        "@aws-sdk/property-provider": "1.0.0-gamma.5",
        "@aws-sdk/shared-ini-file-loader": "1.0.0-gamma.5",
        "@aws-sdk/types": "1.0.0-gamma.4",
        "tslib": "^1.8.0"
      },
      "dependencies": {
        "tslib": {
          "version": "1.13.0",
          "resolved": "https://registry.npmjs.org/tslib/-/tslib-1.13.0.tgz",
          "integrity": "sha512-i/6DQjL8Xf3be4K/E6Wgpekn5Qasl1usyw++dAA35Ue5orEn65VIxOA+YvNNl9HV3qv70T7CNwjODHZrLwvd1Q==",
          "dev": true
        }
      }
    },
    "@aws-sdk/credential-provider-node": {
      "version": "1.0.0-gamma.5",
      "resolved": "https://registry.npmjs.org/@aws-sdk/credential-provider-node/-/credential-provider-node-1.0.0-gamma.5.tgz",
      "integrity": "sha512-OKqvnOmEkszHfddkTxOYXN+fwp25h1gtZZW5+T413O13WwBJ8xs+QfZctFP6Ar5SMCnz/zhxJaI8mjJMpkNReg==",
      "dev": true,
      "requires": {
        "@aws-sdk/credential-provider-env": "1.0.0-gamma.5",
        "@aws-sdk/credential-provider-imds": "1.0.0-gamma.5",
        "@aws-sdk/credential-provider-ini": "1.0.0-gamma.5",
        "@aws-sdk/credential-provider-process": "1.0.0-gamma.5",
        "@aws-sdk/property-provider": "1.0.0-gamma.5",
        "@aws-sdk/types": "1.0.0-gamma.4",
        "tslib": "^1.8.0"
      },
      "dependencies": {
        "tslib": {
          "version": "1.13.0",
          "resolved": "https://registry.npmjs.org/tslib/-/tslib-1.13.0.tgz",
          "integrity": "sha512-i/6DQjL8Xf3be4K/E6Wgpekn5Qasl1usyw++dAA35Ue5orEn65VIxOA+YvNNl9HV3qv70T7CNwjODHZrLwvd1Q==",
          "dev": true
        }
      }
    },
    "@aws-sdk/credential-provider-process": {
      "version": "1.0.0-gamma.5",
      "resolved": "https://registry.npmjs.org/@aws-sdk/credential-provider-process/-/credential-provider-process-1.0.0-gamma.5.tgz",
      "integrity": "sha512-vkdpCPJGoMynO0/e6DyXYWaOUR0GzCStYsfZpvb+LN0O9xbf68jIZw5Pz+qQDJrxMTCHJxllpkn8yjkyd6GCWw==",
      "dev": true,
      "requires": {
        "@aws-sdk/credential-provider-ini": "1.0.0-gamma.5",
        "@aws-sdk/property-provider": "1.0.0-gamma.5",
        "@aws-sdk/shared-ini-file-loader": "1.0.0-gamma.5",
        "@aws-sdk/types": "1.0.0-gamma.4",
        "tslib": "^1.8.0"
      },
      "dependencies": {
        "tslib": {
          "version": "1.13.0",
          "resolved": "https://registry.npmjs.org/tslib/-/tslib-1.13.0.tgz",
          "integrity": "sha512-i/6DQjL8Xf3be4K/E6Wgpekn5Qasl1usyw++dAA35Ue5orEn65VIxOA+YvNNl9HV3qv70T7CNwjODHZrLwvd1Q==",
          "dev": true
        }
      }
    },
    "@aws-sdk/fetch-http-handler": {
      "version": "1.0.0-gamma.6",
      "resolved": "https://registry.npmjs.org/@aws-sdk/fetch-http-handler/-/fetch-http-handler-1.0.0-gamma.6.tgz",
      "integrity": "sha512-Ns5QXO+rtc/qhwAPOehY3BAKBwShp+4DC9f3FpiAYALWOcEM6eD96bQg8E6qsRfVQS6vo6P0oXraPv9EBWZ4EA==",
      "dev": true,
      "requires": {
        "@aws-sdk/protocol-http": "1.0.0-gamma.5",
        "@aws-sdk/querystring-builder": "1.0.0-gamma.5",
        "@aws-sdk/types": "1.0.0-gamma.4",
        "@aws-sdk/util-base64-browser": "1.0.0-gamma.5",
        "tslib": "^1.8.0"
      },
      "dependencies": {
        "tslib": {
          "version": "1.13.0",
          "resolved": "https://registry.npmjs.org/tslib/-/tslib-1.13.0.tgz",
          "integrity": "sha512-i/6DQjL8Xf3be4K/E6Wgpekn5Qasl1usyw++dAA35Ue5orEn65VIxOA+YvNNl9HV3qv70T7CNwjODHZrLwvd1Q==",
          "dev": true
        }
      }
    },
    "@aws-sdk/hash-node": {
      "version": "1.0.0-gamma.5",
      "resolved": "https://registry.npmjs.org/@aws-sdk/hash-node/-/hash-node-1.0.0-gamma.5.tgz",
      "integrity": "sha512-RGnP0IeaiFQXaW+rikPKlY+wmrPJmV0IsFYsntaCBHsaihCjCXyuiji2jbH1uIRzIJ/bEm1FOQxQE+kcAHvQlQ==",
      "dev": true,
      "requires": {
        "@aws-sdk/types": "1.0.0-gamma.4",
        "@aws-sdk/util-buffer-from": "1.0.0-gamma.5",
        "tslib": "^1.8.0"
      },
      "dependencies": {
        "tslib": {
          "version": "1.13.0",
          "resolved": "https://registry.npmjs.org/tslib/-/tslib-1.13.0.tgz",
          "integrity": "sha512-i/6DQjL8Xf3be4K/E6Wgpekn5Qasl1usyw++dAA35Ue5orEn65VIxOA+YvNNl9HV3qv70T7CNwjODHZrLwvd1Q==",
          "dev": true
        }
      }
    },
    "@aws-sdk/invalid-dependency": {
      "version": "1.0.0-gamma.4",
      "resolved": "https://registry.npmjs.org/@aws-sdk/invalid-dependency/-/invalid-dependency-1.0.0-gamma.4.tgz",
      "integrity": "sha512-QPVtJQMd7ZksjEvN0VUsly5dmnQSj5vvsLxT6JizZ90zoP/mKBUCu+/aXRH9Z2AM/2VQo6RRUV+Y7AJS9rTrIQ==",
      "dev": true,
      "requires": {
        "tslib": "^1.8.0"
      },
      "dependencies": {
        "tslib": {
          "version": "1.13.0",
          "resolved": "https://registry.npmjs.org/tslib/-/tslib-1.13.0.tgz",
          "integrity": "sha512-i/6DQjL8Xf3be4K/E6Wgpekn5Qasl1usyw++dAA35Ue5orEn65VIxOA+YvNNl9HV3qv70T7CNwjODHZrLwvd1Q==",
          "dev": true
        }
      }
    },
    "@aws-sdk/is-array-buffer": {
      "version": "1.0.0-gamma.5",
      "resolved": "https://registry.npmjs.org/@aws-sdk/is-array-buffer/-/is-array-buffer-1.0.0-gamma.5.tgz",
      "integrity": "sha512-nvHJVLjA3GjjFNyHgghRIsluyAREG0mGc4fltjcAzdwMVcGeP19W1qVbYRWDS0G43QruyDbvx9aEo7AJILv39w==",
      "dev": true,
      "requires": {
        "tslib": "^1.8.0"
      },
      "dependencies": {
        "tslib": {
          "version": "1.13.0",
          "resolved": "https://registry.npmjs.org/tslib/-/tslib-1.13.0.tgz",
          "integrity": "sha512-i/6DQjL8Xf3be4K/E6Wgpekn5Qasl1usyw++dAA35Ue5orEn65VIxOA+YvNNl9HV3qv70T7CNwjODHZrLwvd1Q==",
          "dev": true
        }
      }
    },
    "@aws-sdk/middleware-content-length": {
      "version": "1.0.0-gamma.5",
      "resolved": "https://registry.npmjs.org/@aws-sdk/middleware-content-length/-/middleware-content-length-1.0.0-gamma.5.tgz",
      "integrity": "sha512-EEqTDw6JQbFnVQVNk4ztKSVlildYsqbF03rM2yzJdw2wuKGK5fEg5rqzAcZ7L9zzDIucEFGqIqunWN+2JfMyfw==",
      "dev": true,
      "requires": {
        "@aws-sdk/protocol-http": "1.0.0-gamma.5",
        "@aws-sdk/types": "1.0.0-gamma.4",
        "tslib": "^1.8.0"
      },
      "dependencies": {
        "tslib": {
          "version": "1.13.0",
          "resolved": "https://registry.npmjs.org/tslib/-/tslib-1.13.0.tgz",
          "integrity": "sha512-i/6DQjL8Xf3be4K/E6Wgpekn5Qasl1usyw++dAA35Ue5orEn65VIxOA+YvNNl9HV3qv70T7CNwjODHZrLwvd1Q==",
          "dev": true
        }
      }
    },
    "@aws-sdk/middleware-host-header": {
      "version": "1.0.0-gamma.5",
      "resolved": "https://registry.npmjs.org/@aws-sdk/middleware-host-header/-/middleware-host-header-1.0.0-gamma.5.tgz",
      "integrity": "sha512-5nYKZonXJqRUX7OX23ZiGjdCV5iM5mtGsH617JzufJQZkFyzUYIHOLRyqAdDJm8s4LCTcNzxdw7X0pAFkrdwqg==",
      "dev": true,
      "requires": {
        "@aws-sdk/protocol-http": "1.0.0-gamma.5",
        "@aws-sdk/types": "1.0.0-gamma.4",
        "tslib": "^1.8.0"
      },
      "dependencies": {
        "tslib": {
          "version": "1.13.0",
          "resolved": "https://registry.npmjs.org/tslib/-/tslib-1.13.0.tgz",
          "integrity": "sha512-i/6DQjL8Xf3be4K/E6Wgpekn5Qasl1usyw++dAA35Ue5orEn65VIxOA+YvNNl9HV3qv70T7CNwjODHZrLwvd1Q==",
          "dev": true
        }
      }
    },
    "@aws-sdk/middleware-retry": {
      "version": "1.0.0-gamma.5",
      "resolved": "https://registry.npmjs.org/@aws-sdk/middleware-retry/-/middleware-retry-1.0.0-gamma.5.tgz",
      "integrity": "sha512-lczsm57swTA60GFD3S5GszXxFYBmyhBb2YzYZ6yJrwT/yjEJRC6/u5EGO7X/RfGaEtdStJikNyb9SRbyZCq/6g==",
      "dev": true,
      "requires": {
        "@aws-sdk/protocol-http": "1.0.0-gamma.5",
        "@aws-sdk/service-error-classification": "1.0.0-gamma.5",
        "@aws-sdk/types": "1.0.0-gamma.4",
        "react-native-get-random-values": "^1.4.0",
        "tslib": "^1.8.0",
        "uuid": "^3.0.0"
      },
      "dependencies": {
        "tslib": {
          "version": "1.13.0",
          "resolved": "https://registry.npmjs.org/tslib/-/tslib-1.13.0.tgz",
          "integrity": "sha512-i/6DQjL8Xf3be4K/E6Wgpekn5Qasl1usyw++dAA35Ue5orEn65VIxOA+YvNNl9HV3qv70T7CNwjODHZrLwvd1Q==",
          "dev": true
        }
      }
    },
    "@aws-sdk/middleware-serde": {
      "version": "1.0.0-gamma.4",
      "resolved": "https://registry.npmjs.org/@aws-sdk/middleware-serde/-/middleware-serde-1.0.0-gamma.4.tgz",
      "integrity": "sha512-PM+dJUb5p1ERjUnKL83XfpkyMDYDPN1zFc7LEJWVKxjSx/CfkPM7g5LXHdxLtBUSUFLZnrjkuQtwf5dLVCBQmw==",
      "dev": true,
      "requires": {
        "@aws-sdk/types": "1.0.0-gamma.4",
        "tslib": "^1.8.0"
      },
      "dependencies": {
        "tslib": {
          "version": "1.13.0",
          "resolved": "https://registry.npmjs.org/tslib/-/tslib-1.13.0.tgz",
          "integrity": "sha512-i/6DQjL8Xf3be4K/E6Wgpekn5Qasl1usyw++dAA35Ue5orEn65VIxOA+YvNNl9HV3qv70T7CNwjODHZrLwvd1Q==",
          "dev": true
        }
      }
    },
    "@aws-sdk/middleware-signing": {
      "version": "1.0.0-gamma.5",
      "resolved": "https://registry.npmjs.org/@aws-sdk/middleware-signing/-/middleware-signing-1.0.0-gamma.5.tgz",
      "integrity": "sha512-WC0PMDEBl9zwxk6BMF9ivlk1CXDNvv8S1CXTlAJESOVMfn5C5VmLbWxrfu1NlbA0KFpz/YKya3Z3DsMw9Rbi6A==",
      "dev": true,
      "requires": {
        "@aws-sdk/protocol-http": "1.0.0-gamma.5",
        "@aws-sdk/signature-v4": "1.0.0-gamma.5",
        "@aws-sdk/types": "1.0.0-gamma.4",
        "tslib": "^1.8.0"
      },
      "dependencies": {
        "tslib": {
          "version": "1.13.0",
          "resolved": "https://registry.npmjs.org/tslib/-/tslib-1.13.0.tgz",
          "integrity": "sha512-i/6DQjL8Xf3be4K/E6Wgpekn5Qasl1usyw++dAA35Ue5orEn65VIxOA+YvNNl9HV3qv70T7CNwjODHZrLwvd1Q==",
          "dev": true
        }
      }
    },
    "@aws-sdk/middleware-stack": {
      "version": "1.0.0-gamma.5",
      "resolved": "https://registry.npmjs.org/@aws-sdk/middleware-stack/-/middleware-stack-1.0.0-gamma.5.tgz",
      "integrity": "sha512-/xk9ilAEeck6yzxEXbRWD7GVf0p2UpXDpWQ6MRgnzJuqNQKsZHsBkv39h89gbNwlCwBVd4vv9cf8rY2XKHgamQ==",
      "dev": true,
      "requires": {
        "@aws-sdk/types": "1.0.0-gamma.4",
        "tslib": "^1.8.0"
      },
      "dependencies": {
        "tslib": {
          "version": "1.13.0",
          "resolved": "https://registry.npmjs.org/tslib/-/tslib-1.13.0.tgz",
          "integrity": "sha512-i/6DQjL8Xf3be4K/E6Wgpekn5Qasl1usyw++dAA35Ue5orEn65VIxOA+YvNNl9HV3qv70T7CNwjODHZrLwvd1Q==",
          "dev": true
        }
      }
    },
    "@aws-sdk/middleware-user-agent": {
      "version": "1.0.0-gamma.5",
      "resolved": "https://registry.npmjs.org/@aws-sdk/middleware-user-agent/-/middleware-user-agent-1.0.0-gamma.5.tgz",
      "integrity": "sha512-0Y+GkCOc9ZbQ665lNfwuFUkzDn1zjS0FAZ9WTlM+sxLQ6iNU0xwJNIDAI+7ds+xR7nsqQsYIJOch4/TmfinM3A==",
      "dev": true,
      "requires": {
        "@aws-sdk/protocol-http": "1.0.0-gamma.5",
        "@aws-sdk/types": "1.0.0-gamma.4",
        "tslib": "^1.8.0"
      },
      "dependencies": {
        "tslib": {
          "version": "1.13.0",
          "resolved": "https://registry.npmjs.org/tslib/-/tslib-1.13.0.tgz",
          "integrity": "sha512-i/6DQjL8Xf3be4K/E6Wgpekn5Qasl1usyw++dAA35Ue5orEn65VIxOA+YvNNl9HV3qv70T7CNwjODHZrLwvd1Q==",
          "dev": true
        }
      }
    },
    "@aws-sdk/node-http-handler": {
      "version": "1.0.0-gamma.5",
      "resolved": "https://registry.npmjs.org/@aws-sdk/node-http-handler/-/node-http-handler-1.0.0-gamma.5.tgz",
      "integrity": "sha512-FH8qqHJU2lk3TFE2qg6iCDvUY6KNzOohai0orOWq78VfAV2joyr3jdYKiiNALduhINlq42DrCJoNQEBilvP2fg==",
      "dev": true,
      "requires": {
        "@aws-sdk/abort-controller": "1.0.0-gamma.5",
        "@aws-sdk/protocol-http": "1.0.0-gamma.5",
        "@aws-sdk/querystring-builder": "1.0.0-gamma.5",
        "@aws-sdk/types": "1.0.0-gamma.4",
        "tslib": "^1.8.0"
      },
      "dependencies": {
        "tslib": {
          "version": "1.13.0",
          "resolved": "https://registry.npmjs.org/tslib/-/tslib-1.13.0.tgz",
          "integrity": "sha512-i/6DQjL8Xf3be4K/E6Wgpekn5Qasl1usyw++dAA35Ue5orEn65VIxOA+YvNNl9HV3qv70T7CNwjODHZrLwvd1Q==",
          "dev": true
        }
      }
    },
    "@aws-sdk/property-provider": {
      "version": "1.0.0-gamma.5",
      "resolved": "https://registry.npmjs.org/@aws-sdk/property-provider/-/property-provider-1.0.0-gamma.5.tgz",
      "integrity": "sha512-X+zv/ORq7o6WfqaUhHLJ9Op1gZJAwuubDWjOmHLlMylrwiJesjMb6qJ+/Y6aw2OY+7rTAGRuxkVXKtkn5gJN0w==",
      "dev": true,
      "requires": {
        "@aws-sdk/types": "1.0.0-gamma.4",
        "tslib": "^1.8.0"
      },
      "dependencies": {
        "tslib": {
          "version": "1.13.0",
          "resolved": "https://registry.npmjs.org/tslib/-/tslib-1.13.0.tgz",
          "integrity": "sha512-i/6DQjL8Xf3be4K/E6Wgpekn5Qasl1usyw++dAA35Ue5orEn65VIxOA+YvNNl9HV3qv70T7CNwjODHZrLwvd1Q==",
          "dev": true
        }
      }
    },
    "@aws-sdk/protocol-http": {
      "version": "1.0.0-gamma.5",
      "resolved": "https://registry.npmjs.org/@aws-sdk/protocol-http/-/protocol-http-1.0.0-gamma.5.tgz",
      "integrity": "sha512-Od5OlO249p9N/xxJQ9hgRdLdsq+jd1s6ruoiOZfF5THXnNmBMrwrIQrWNzQhBoOQi7tyXzDSs1WjzR8banp3og==",
      "dev": true,
      "requires": {
        "@aws-sdk/types": "1.0.0-gamma.4",
        "tslib": "^1.8.0"
      },
      "dependencies": {
        "tslib": {
          "version": "1.13.0",
          "resolved": "https://registry.npmjs.org/tslib/-/tslib-1.13.0.tgz",
          "integrity": "sha512-i/6DQjL8Xf3be4K/E6Wgpekn5Qasl1usyw++dAA35Ue5orEn65VIxOA+YvNNl9HV3qv70T7CNwjODHZrLwvd1Q==",
          "dev": true
        }
      }
    },
    "@aws-sdk/querystring-builder": {
      "version": "1.0.0-gamma.5",
      "resolved": "https://registry.npmjs.org/@aws-sdk/querystring-builder/-/querystring-builder-1.0.0-gamma.5.tgz",
      "integrity": "sha512-KEGncHmV8XtzK7lqKPACHqZXcO6LSpA8jPGLXTuryKlwQctuD8Z3NykYO1OO5LIYwzcUp+ISkhEMkFMi/sUOeA==",
      "dev": true,
      "requires": {
        "@aws-sdk/types": "1.0.0-gamma.4",
        "@aws-sdk/util-uri-escape": "1.0.0-gamma.5",
        "tslib": "^1.8.0"
      },
      "dependencies": {
        "tslib": {
          "version": "1.13.0",
          "resolved": "https://registry.npmjs.org/tslib/-/tslib-1.13.0.tgz",
          "integrity": "sha512-i/6DQjL8Xf3be4K/E6Wgpekn5Qasl1usyw++dAA35Ue5orEn65VIxOA+YvNNl9HV3qv70T7CNwjODHZrLwvd1Q==",
          "dev": true
        }
      }
    },
    "@aws-sdk/querystring-parser": {
      "version": "1.0.0-gamma.5",
      "resolved": "https://registry.npmjs.org/@aws-sdk/querystring-parser/-/querystring-parser-1.0.0-gamma.5.tgz",
      "integrity": "sha512-+YqOzvSdkJPIzCGyEpsZcLSHkfe5lQghnEQe9BehywNaCmBZPHoS6sGe4XjWo8GKSgIaW7k20bDwfAL/Joijlg==",
      "dev": true,
      "requires": {
        "@aws-sdk/types": "1.0.0-gamma.4",
        "tslib": "^1.8.0"
      },
      "dependencies": {
        "tslib": {
          "version": "1.13.0",
          "resolved": "https://registry.npmjs.org/tslib/-/tslib-1.13.0.tgz",
          "integrity": "sha512-i/6DQjL8Xf3be4K/E6Wgpekn5Qasl1usyw++dAA35Ue5orEn65VIxOA+YvNNl9HV3qv70T7CNwjODHZrLwvd1Q==",
          "dev": true
        }
      }
    },
    "@aws-sdk/region-provider": {
      "version": "1.0.0-gamma.5",
      "resolved": "https://registry.npmjs.org/@aws-sdk/region-provider/-/region-provider-1.0.0-gamma.5.tgz",
      "integrity": "sha512-865aCdLhVgMopxmtc5PiFOlvy/76vEZaFPsq1WmEGVReSgO+FAMu6qShrUNLHA8GgFQ43gPZ0sBSxFV0CdlaHQ==",
      "dev": true,
      "requires": {
        "@aws-sdk/property-provider": "1.0.0-gamma.5",
        "@aws-sdk/shared-ini-file-loader": "1.0.0-gamma.5",
        "@aws-sdk/types": "1.0.0-gamma.4",
        "tslib": "^1.8.0"
      },
      "dependencies": {
        "tslib": {
          "version": "1.13.0",
          "resolved": "https://registry.npmjs.org/tslib/-/tslib-1.13.0.tgz",
          "integrity": "sha512-i/6DQjL8Xf3be4K/E6Wgpekn5Qasl1usyw++dAA35Ue5orEn65VIxOA+YvNNl9HV3qv70T7CNwjODHZrLwvd1Q==",
          "dev": true
        }
      }
    },
    "@aws-sdk/retry-config-provider": {
      "version": "1.0.0-gamma.4",
      "resolved": "https://registry.npmjs.org/@aws-sdk/retry-config-provider/-/retry-config-provider-1.0.0-gamma.4.tgz",
      "integrity": "sha512-qhpmoPR2Mdvwdl/L08w5/cgA6k/T5LxCeGMm5TP+b6EhtA/+L29WtcuLdNjLp/+gWaqv8LtR6ntOzObE/OtutA==",
      "dev": true,
      "requires": {
        "@aws-sdk/middleware-retry": "1.0.0-gamma.5",
        "@aws-sdk/property-provider": "1.0.0-gamma.5",
        "@aws-sdk/shared-ini-file-loader": "1.0.0-gamma.5",
        "@aws-sdk/types": "1.0.0-gamma.4",
        "tslib": "^1.8.0"
      },
      "dependencies": {
        "tslib": {
          "version": "1.13.0",
          "resolved": "https://registry.npmjs.org/tslib/-/tslib-1.13.0.tgz",
          "integrity": "sha512-i/6DQjL8Xf3be4K/E6Wgpekn5Qasl1usyw++dAA35Ue5orEn65VIxOA+YvNNl9HV3qv70T7CNwjODHZrLwvd1Q==",
          "dev": true
        }
      }
    },
    "@aws-sdk/service-error-classification": {
      "version": "1.0.0-gamma.5",
      "resolved": "https://registry.npmjs.org/@aws-sdk/service-error-classification/-/service-error-classification-1.0.0-gamma.5.tgz",
      "integrity": "sha512-CSDocMwqbYAqXTnMVT4o5Yr06hCiWmg2b0MffO/vTqyVBtFHErOwXdtP94mDjFE2Wt/k7mIRJ6hi+o1oASrv3Q==",
      "dev": true
    },
    "@aws-sdk/shared-ini-file-loader": {
      "version": "1.0.0-gamma.5",
      "resolved": "https://registry.npmjs.org/@aws-sdk/shared-ini-file-loader/-/shared-ini-file-loader-1.0.0-gamma.5.tgz",
      "integrity": "sha512-7Qff1Z6IJ8AUrHYqwHt/jywiEuIbtTAKPj9/Cu04XqqqUFyc4lerlLRiXZF4NzcAYm49GWsmZtp8SdN4h303Xg==",
      "dev": true,
      "requires": {
        "tslib": "^1.8.0"
      },
      "dependencies": {
        "tslib": {
          "version": "1.13.0",
          "resolved": "https://registry.npmjs.org/tslib/-/tslib-1.13.0.tgz",
          "integrity": "sha512-i/6DQjL8Xf3be4K/E6Wgpekn5Qasl1usyw++dAA35Ue5orEn65VIxOA+YvNNl9HV3qv70T7CNwjODHZrLwvd1Q==",
          "dev": true
        }
      }
    },
    "@aws-sdk/signature-v4": {
      "version": "1.0.0-gamma.5",
      "resolved": "https://registry.npmjs.org/@aws-sdk/signature-v4/-/signature-v4-1.0.0-gamma.5.tgz",
      "integrity": "sha512-afwra5Mgy/M+oXsR+WNRFb1/b7b9su8lOIdeGM5tNB1V9zCa05bTy1ENjhJTBlDQpawHmMKPZX/wl9xdjzxYyw==",
      "dev": true,
      "requires": {
        "@aws-sdk/is-array-buffer": "1.0.0-gamma.5",
        "@aws-sdk/types": "1.0.0-gamma.4",
        "@aws-sdk/util-hex-encoding": "1.0.0-gamma.5",
        "@aws-sdk/util-uri-escape": "1.0.0-gamma.5",
        "tslib": "^1.8.0"
      },
      "dependencies": {
        "tslib": {
          "version": "1.13.0",
          "resolved": "https://registry.npmjs.org/tslib/-/tslib-1.13.0.tgz",
          "integrity": "sha512-i/6DQjL8Xf3be4K/E6Wgpekn5Qasl1usyw++dAA35Ue5orEn65VIxOA+YvNNl9HV3qv70T7CNwjODHZrLwvd1Q==",
          "dev": true
        }
      }
    },
    "@aws-sdk/smithy-client": {
      "version": "1.0.0-gamma.5",
      "resolved": "https://registry.npmjs.org/@aws-sdk/smithy-client/-/smithy-client-1.0.0-gamma.5.tgz",
      "integrity": "sha512-zYN9G8iDf5r0B/JzGLiAQPLEkeLkwkh/UoBDF1PkOzUi0SVSs5sgbbohCF9StPZbAoybbux6tWGZbUypaLxinA==",
      "dev": true,
      "requires": {
        "@aws-sdk/middleware-stack": "1.0.0-gamma.5",
        "@aws-sdk/types": "1.0.0-gamma.4",
        "tslib": "^1.8.0"
      },
      "dependencies": {
        "tslib": {
          "version": "1.13.0",
          "resolved": "https://registry.npmjs.org/tslib/-/tslib-1.13.0.tgz",
          "integrity": "sha512-i/6DQjL8Xf3be4K/E6Wgpekn5Qasl1usyw++dAA35Ue5orEn65VIxOA+YvNNl9HV3qv70T7CNwjODHZrLwvd1Q==",
          "dev": true
        }
      }
    },
    "@aws-sdk/types": {
      "version": "1.0.0-gamma.4",
      "resolved": "https://registry.npmjs.org/@aws-sdk/types/-/types-1.0.0-gamma.4.tgz",
      "integrity": "sha512-2UuEGILakoRTPlJIheadNbBGlJIbxSS7xFqbidMdHPa+LXvtds20XQh0y6hKIcBZqR2bhmb3uNgpuw5jO7MDRw==",
      "dev": true
    },
    "@aws-sdk/url-parser-browser": {
      "version": "1.0.0-gamma.5",
      "resolved": "https://registry.npmjs.org/@aws-sdk/url-parser-browser/-/url-parser-browser-1.0.0-gamma.5.tgz",
      "integrity": "sha512-df+qQNY5qsNZojxFFXwIc6ilN3dubFgSW085UFiPqoYJp1/GHZP7ELBsb68oe59F5Tu+cQhYjAhKy3bijsAf8g==",
      "dev": true,
      "requires": {
        "@aws-sdk/querystring-parser": "1.0.0-gamma.5",
        "@aws-sdk/types": "1.0.0-gamma.4",
        "tslib": "^1.8.0"
      },
      "dependencies": {
        "tslib": {
          "version": "1.13.0",
          "resolved": "https://registry.npmjs.org/tslib/-/tslib-1.13.0.tgz",
          "integrity": "sha512-i/6DQjL8Xf3be4K/E6Wgpekn5Qasl1usyw++dAA35Ue5orEn65VIxOA+YvNNl9HV3qv70T7CNwjODHZrLwvd1Q==",
          "dev": true
        }
      }
    },
    "@aws-sdk/url-parser-node": {
      "version": "1.0.0-gamma.5",
      "resolved": "https://registry.npmjs.org/@aws-sdk/url-parser-node/-/url-parser-node-1.0.0-gamma.5.tgz",
      "integrity": "sha512-zmqYadw6Nl88FXSrLadlVAhNVUpZmkCUxoKz1wPatJaJVAqsAs8NOl6KiT0JLsbcKqCJ1diyFh4vPrr/1KEd8A==",
      "dev": true,
      "requires": {
        "@aws-sdk/querystring-parser": "1.0.0-gamma.5",
        "@aws-sdk/types": "1.0.0-gamma.4",
        "tslib": "^1.8.0",
        "url": "^0.11.0"
      },
      "dependencies": {
        "tslib": {
          "version": "1.13.0",
          "resolved": "https://registry.npmjs.org/tslib/-/tslib-1.13.0.tgz",
          "integrity": "sha512-i/6DQjL8Xf3be4K/E6Wgpekn5Qasl1usyw++dAA35Ue5orEn65VIxOA+YvNNl9HV3qv70T7CNwjODHZrLwvd1Q==",
          "dev": true
        }
      }
    },
    "@aws-sdk/util-base64-browser": {
      "version": "1.0.0-gamma.5",
      "resolved": "https://registry.npmjs.org/@aws-sdk/util-base64-browser/-/util-base64-browser-1.0.0-gamma.5.tgz",
      "integrity": "sha512-MaQYd8NZWSDbL1hU+nC7wWKCF1SI1yMbkSOKpSANC3ZjeosmpYnO3UUwqzsbM6ctS20uK6HhA1ijHlgBYgCqww==",
      "dev": true,
      "requires": {
        "tslib": "^1.8.0"
      },
      "dependencies": {
        "tslib": {
          "version": "1.13.0",
          "resolved": "https://registry.npmjs.org/tslib/-/tslib-1.13.0.tgz",
          "integrity": "sha512-i/6DQjL8Xf3be4K/E6Wgpekn5Qasl1usyw++dAA35Ue5orEn65VIxOA+YvNNl9HV3qv70T7CNwjODHZrLwvd1Q==",
          "dev": true
        }
      }
    },
    "@aws-sdk/util-base64-node": {
      "version": "1.0.0-gamma.5",
      "resolved": "https://registry.npmjs.org/@aws-sdk/util-base64-node/-/util-base64-node-1.0.0-gamma.5.tgz",
      "integrity": "sha512-H2SvLxs4RkyqnwtoOm1WFqshFsdctsMjXG3K34DXKDYCNMN5JDiCMtl7rmEwhpRW5iOq/dZIIWytnRhsbTaMOQ==",
      "dev": true,
      "requires": {
        "@aws-sdk/util-buffer-from": "1.0.0-gamma.5",
        "tslib": "^1.8.0"
      },
      "dependencies": {
        "tslib": {
          "version": "1.13.0",
          "resolved": "https://registry.npmjs.org/tslib/-/tslib-1.13.0.tgz",
          "integrity": "sha512-i/6DQjL8Xf3be4K/E6Wgpekn5Qasl1usyw++dAA35Ue5orEn65VIxOA+YvNNl9HV3qv70T7CNwjODHZrLwvd1Q==",
          "dev": true
        }
      }
    },
    "@aws-sdk/util-body-length-browser": {
      "version": "1.0.0-gamma.5",
      "resolved": "https://registry.npmjs.org/@aws-sdk/util-body-length-browser/-/util-body-length-browser-1.0.0-gamma.5.tgz",
      "integrity": "sha512-+AxY5FC7xrGHmUdwUoZh/OaaHJKYv2qIpd870OimDzTVdkSeNoc8OrMfupl+F3J4D90Da5r3k8XQ8K1k7bSB7A==",
      "dev": true,
      "requires": {
        "tslib": "^1.8.0"
      },
      "dependencies": {
        "tslib": {
          "version": "1.13.0",
          "resolved": "https://registry.npmjs.org/tslib/-/tslib-1.13.0.tgz",
          "integrity": "sha512-i/6DQjL8Xf3be4K/E6Wgpekn5Qasl1usyw++dAA35Ue5orEn65VIxOA+YvNNl9HV3qv70T7CNwjODHZrLwvd1Q==",
          "dev": true
        }
      }
    },
    "@aws-sdk/util-body-length-node": {
      "version": "1.0.0-gamma.5",
      "resolved": "https://registry.npmjs.org/@aws-sdk/util-body-length-node/-/util-body-length-node-1.0.0-gamma.5.tgz",
      "integrity": "sha512-t3a6xSfCO6rsQGhMpLpkmiZngtZAW1qbqqPNaU+ziVKaZE5bMg515d0m6dkxvrA9IpGC+EMrzGI9gND98RcdOg==",
      "dev": true,
      "requires": {
        "tslib": "^1.8.0"
      },
      "dependencies": {
        "tslib": {
          "version": "1.13.0",
          "resolved": "https://registry.npmjs.org/tslib/-/tslib-1.13.0.tgz",
          "integrity": "sha512-i/6DQjL8Xf3be4K/E6Wgpekn5Qasl1usyw++dAA35Ue5orEn65VIxOA+YvNNl9HV3qv70T7CNwjODHZrLwvd1Q==",
          "dev": true
        }
      }
    },
    "@aws-sdk/util-buffer-from": {
      "version": "1.0.0-gamma.5",
      "resolved": "https://registry.npmjs.org/@aws-sdk/util-buffer-from/-/util-buffer-from-1.0.0-gamma.5.tgz",
      "integrity": "sha512-ruR77U66gpiAT9919qgm1HZJO+Qf2lYHSc9sDwr8sbBYAUo2gpoc3qp53ztQKWiNhco7iWb+vRouiglaNyWQbA==",
      "dev": true,
      "requires": {
        "@aws-sdk/is-array-buffer": "1.0.0-gamma.5",
        "tslib": "^1.8.0"
      },
      "dependencies": {
        "tslib": {
          "version": "1.13.0",
          "resolved": "https://registry.npmjs.org/tslib/-/tslib-1.13.0.tgz",
          "integrity": "sha512-i/6DQjL8Xf3be4K/E6Wgpekn5Qasl1usyw++dAA35Ue5orEn65VIxOA+YvNNl9HV3qv70T7CNwjODHZrLwvd1Q==",
          "dev": true
        }
      }
    },
    "@aws-sdk/util-hex-encoding": {
      "version": "1.0.0-gamma.5",
      "resolved": "https://registry.npmjs.org/@aws-sdk/util-hex-encoding/-/util-hex-encoding-1.0.0-gamma.5.tgz",
      "integrity": "sha512-C+rSFUwv+SJozLQeJ+EkigLhb87Vhx2c2MFsJ8z4FfmIdoQDpgEvbICjCvjdtPtktXEXdN3w2BYsuoC9kQkkRQ==",
      "dev": true,
      "requires": {
        "tslib": "^1.8.0"
      },
      "dependencies": {
        "tslib": {
          "version": "1.13.0",
          "resolved": "https://registry.npmjs.org/tslib/-/tslib-1.13.0.tgz",
          "integrity": "sha512-i/6DQjL8Xf3be4K/E6Wgpekn5Qasl1usyw++dAA35Ue5orEn65VIxOA+YvNNl9HV3qv70T7CNwjODHZrLwvd1Q==",
          "dev": true
        }
      }
    },
    "@aws-sdk/util-locate-window": {
      "version": "1.0.0-gamma.5",
      "resolved": "https://registry.npmjs.org/@aws-sdk/util-locate-window/-/util-locate-window-1.0.0-gamma.5.tgz",
      "integrity": "sha512-eQR8cilsx/+kAZ5RZSWVWT0vxVqZBq4ZhszjlmA27mYES6qte5+AnlkNWEM6xhGBdCSiuSjeD8nSr8JE6HZIgA==",
      "dev": true,
      "requires": {
        "tslib": "^1.8.0"
      },
      "dependencies": {
        "tslib": {
          "version": "1.13.0",
          "resolved": "https://registry.npmjs.org/tslib/-/tslib-1.13.0.tgz",
          "integrity": "sha512-i/6DQjL8Xf3be4K/E6Wgpekn5Qasl1usyw++dAA35Ue5orEn65VIxOA+YvNNl9HV3qv70T7CNwjODHZrLwvd1Q==",
          "dev": true
        }
      }
    },
    "@aws-sdk/util-uri-escape": {
      "version": "1.0.0-gamma.5",
      "resolved": "https://registry.npmjs.org/@aws-sdk/util-uri-escape/-/util-uri-escape-1.0.0-gamma.5.tgz",
      "integrity": "sha512-/MFoiddD4vX+7F0gHXS808rjNJ52QSgOooIQJJ3yZTwqj4aVw/GO1H7rLaTS4Fgdi39BrcRfD1ngd0XTRwNBew==",
      "dev": true,
      "requires": {
        "tslib": "^1.8.0"
      },
      "dependencies": {
        "tslib": {
          "version": "1.13.0",
          "resolved": "https://registry.npmjs.org/tslib/-/tslib-1.13.0.tgz",
          "integrity": "sha512-i/6DQjL8Xf3be4K/E6Wgpekn5Qasl1usyw++dAA35Ue5orEn65VIxOA+YvNNl9HV3qv70T7CNwjODHZrLwvd1Q==",
          "dev": true
        }
      }
    },
    "@aws-sdk/util-user-agent-browser": {
      "version": "1.0.0-gamma.5",
      "resolved": "https://registry.npmjs.org/@aws-sdk/util-user-agent-browser/-/util-user-agent-browser-1.0.0-gamma.5.tgz",
      "integrity": "sha512-jYSOCOyuFx3PyKM4PEuhkOlGe8d12DHQ1jibhACYiISxkwLPR7YoH9XDtuvdPftGA0OYeaNEgtGwiJhkXM9e/w==",
      "dev": true,
      "requires": {
        "@aws-sdk/types": "1.0.0-gamma.4",
        "tslib": "^1.8.0"
      },
      "dependencies": {
        "tslib": {
          "version": "1.13.0",
          "resolved": "https://registry.npmjs.org/tslib/-/tslib-1.13.0.tgz",
          "integrity": "sha512-i/6DQjL8Xf3be4K/E6Wgpekn5Qasl1usyw++dAA35Ue5orEn65VIxOA+YvNNl9HV3qv70T7CNwjODHZrLwvd1Q==",
          "dev": true
        }
      }
    },
    "@aws-sdk/util-user-agent-node": {
      "version": "1.0.0-gamma.5",
      "resolved": "https://registry.npmjs.org/@aws-sdk/util-user-agent-node/-/util-user-agent-node-1.0.0-gamma.5.tgz",
      "integrity": "sha512-0lvaU6+p612PPik31LTceGPbrcljFaq+zC8n1HjIAa2jYzG2Km0rncZhcxOAMKnopzD3mJWGqjfXx0VLxV1uog==",
      "dev": true,
      "requires": {
        "@aws-sdk/types": "1.0.0-gamma.4",
        "tslib": "^1.8.0"
      },
      "dependencies": {
        "tslib": {
          "version": "1.13.0",
          "resolved": "https://registry.npmjs.org/tslib/-/tslib-1.13.0.tgz",
          "integrity": "sha512-i/6DQjL8Xf3be4K/E6Wgpekn5Qasl1usyw++dAA35Ue5orEn65VIxOA+YvNNl9HV3qv70T7CNwjODHZrLwvd1Q==",
          "dev": true
        }
      }
    },
    "@aws-sdk/util-utf8-browser": {
      "version": "1.0.0-gamma.5",
      "resolved": "https://registry.npmjs.org/@aws-sdk/util-utf8-browser/-/util-utf8-browser-1.0.0-gamma.5.tgz",
      "integrity": "sha512-KqnWfuZtpXC8qjQCEb2jjxNYdAvOqUBItTuCduU7v8MgOexYqUvgwCrv1gaIy8HtuKul4ix9NqrK5VtQPWW3Ug==",
      "dev": true,
      "requires": {
        "tslib": "^1.8.0"
      },
      "dependencies": {
        "tslib": {
          "version": "1.13.0",
          "resolved": "https://registry.npmjs.org/tslib/-/tslib-1.13.0.tgz",
          "integrity": "sha512-i/6DQjL8Xf3be4K/E6Wgpekn5Qasl1usyw++dAA35Ue5orEn65VIxOA+YvNNl9HV3qv70T7CNwjODHZrLwvd1Q==",
          "dev": true
        }
      }
    },
    "@aws-sdk/util-utf8-node": {
      "version": "1.0.0-gamma.5",
      "resolved": "https://registry.npmjs.org/@aws-sdk/util-utf8-node/-/util-utf8-node-1.0.0-gamma.5.tgz",
      "integrity": "sha512-l0B6m/NQmR/4PqsWpLs7Tc+SE5cpQ9Vr9uYxlbgzPLnQXGw5bgeMuw4DEseygzZrVjD6MEgharI4XPghAsKjbw==",
      "dev": true,
      "requires": {
        "@aws-sdk/util-buffer-from": "1.0.0-gamma.5",
        "tslib": "^1.8.0"
      },
      "dependencies": {
        "tslib": {
          "version": "1.13.0",
          "resolved": "https://registry.npmjs.org/tslib/-/tslib-1.13.0.tgz",
          "integrity": "sha512-i/6DQjL8Xf3be4K/E6Wgpekn5Qasl1usyw++dAA35Ue5orEn65VIxOA+YvNNl9HV3qv70T7CNwjODHZrLwvd1Q==",
          "dev": true
        }
      }
    },
    "@types/node": {
      "version": "14.0.27",
      "resolved": "https://registry.npmjs.org/@types/node/-/node-14.0.27.tgz",
      "integrity": "sha512-kVrqXhbclHNHGu9ztnAwSncIgJv/FaxmzXJvGXNdcCpV1b8u1/Mi6z6m0vwy0LzKeXFTPLH0NzwmoJ3fNCIq0g==",
      "dev": true
    },
    "fast-base64-decode": {
      "version": "1.0.0",
      "resolved": "https://registry.npmjs.org/fast-base64-decode/-/fast-base64-decode-1.0.0.tgz",
      "integrity": "sha512-qwaScUgUGBYeDNRnbc/KyllVU88Jk1pRHPStuF/lO7B0/RTRLj7U0lkdTAutlBblY08rwZDff6tNU9cjv6j//Q==",
      "dev": true
    },
    "punycode": {
      "version": "1.3.2",
      "resolved": "https://registry.npmjs.org/punycode/-/punycode-1.3.2.tgz",
      "integrity": "sha1-llOgNvt8HuQjQvIyXM7v6jkmxI0=",
      "dev": true
    },
    "querystring": {
      "version": "0.2.0",
      "resolved": "https://registry.npmjs.org/querystring/-/querystring-0.2.0.tgz",
      "integrity": "sha1-sgmEkgO7Jd+CDadW50cAWHhSFiA=",
      "dev": true
    },
    "react-native-get-random-values": {
      "version": "1.4.0",
      "resolved": "https://registry.npmjs.org/react-native-get-random-values/-/react-native-get-random-values-1.4.0.tgz",
      "integrity": "sha512-NnmEZcC5zfz+QEytFPM/fw818Hodw/BNbv7jGxU4pla4K2K9DCzG83IReMJqQ2wo552AYKguqrBG2SSn/U6rbA==",
      "dev": true,
      "requires": {
        "fast-base64-decode": "^1.0.0"
      }
    },
    "tslib": {
      "version": "2.0.1",
      "resolved": "https://registry.npmjs.org/tslib/-/tslib-2.0.1.tgz",
      "integrity": "sha512-SgIkNheinmEBgx1IUNirK0TUD4X9yjjBRTqqjggWCU3pUEqIk3/Uwl3yRixYKT6WjQuGiwDv4NomL3wqRCj+CQ==",
      "dev": true
    },
    "typescript": {
      "version": "3.9.7",
      "resolved": "https://registry.npmjs.org/typescript/-/typescript-3.9.7.tgz",
      "integrity": "sha512-BLbiRkiBzAwsjut4x/dsibSTB6yWpwT5qWmC2OfuCg3GgVQCSgMs4vEctYPhsaGtd0AeuuHMkjZ2h2WG8MSzRw==",
      "dev": true
    },
    "url": {
      "version": "0.11.0",
      "resolved": "https://registry.npmjs.org/url/-/url-0.11.0.tgz",
      "integrity": "sha1-ODjpfPxgUh63PFJajlW/3Z4uKPE=",
      "dev": true,
      "requires": {
        "punycode": "1.3.2",
        "querystring": "0.2.0"
      }
    },
    "uuid": {
      "version": "3.4.0",
      "resolved": "https://registry.npmjs.org/uuid/-/uuid-3.4.0.tgz",
      "integrity": "sha512-HjSDRw6gZE5JMggctHBcjVak08+KEVhSIiDzFnT9S9aegmp85S/bReBVTb4QTFaRNptJ9kuYaNhnbNEOkbKb/A==",
      "dev": true
    }
  }
}
